{
    "_meta": {
        "hash": {
            "sha256": "62202540eef57e7e096f5830f7031934c53b86a620b70ae1067d0cde8a9727ea"
        },
        "host-environment-markers": {
            "implementation_name": "cpython",
            "implementation_version": "3.6.6",
            "os_name": "posix",
            "platform_machine": "x86_64",
            "platform_python_implementation": "CPython",
            "platform_release": "4.18.6-gentoo",
            "platform_system": "Linux",
            "platform_version": "#2 SMP PREEMPT Fri Sep 7 19:02:32 MSK 2018",
            "python_full_version": "3.6.6",
            "python_version": "3.6",
            "sys_platform": "linux"
        },
        "pipfile-spec": 6,
        "requires": {
            "python_version": "3.6"
        },
        "sources": [
            {
                "name": "pypi",
                "url": "https://pypi.python.org/simple",
                "verify_ssl": true
            }
        ]
    },
    "default": {
        "aiohttp": {
            "hashes": [
                "sha256:f1839db4c2b08a9c8f9788112644f8a8557e8e0ecc77b07091afabb941dc55d0",
                "sha256:0419705a36b43c0ac6f15469f9c2a08cad5c939d78bd12a5c23ea167c8253b2b",
                "sha256:2214b5c0153f45256d5d52d1e0cafe53f9905ed035a142191727a5fb620c03dd",
                "sha256:cf2cc6c2c10d242790412bea7ccf73726a9a44b4c4b073d2699ef3b48971fd95",
                "sha256:c59a953c3f8524a7c86eaeaef5bf702555be12f5668f6384149fe4bb75c52698",
                "sha256:789820ddc65e1f5e71516adaca2e9022498fa5a837c79ba9c692a9f8f916c330",
                "sha256:87bc95d3d333bb689c8d755b4a9d7095a2356108002149523dfc8e607d5d32a4",
                "sha256:9d80e40db208e29168d3723d1440ecbb06054d349c5ece6a2c5a611490830dd7",
                "sha256:7aeefbed253f59ea39e70c5848de42ed85cb941165357fc7e87ab5d8f1f9592b",
                "sha256:1812fc4bc6ac1bde007daa05d2d0f61199324e0cc893b11523e646595047ca08",
                "sha256:3983611922b561868428ea1e7269e757803713f55b53502423decc509fef1650",
                "sha256:7b2eb55c66512405103485bd7d285a839d53e7fdc261ab20e5bcc51d7aaff5de",
                "sha256:f3df52362be39908f9c028a65490fae0475e4898b43a03d8aa29d1e765b45e07",
                "sha256:7a968a0bdaaf9abacc260911775611c9a602214a23aeb846f2eb2eeaa350c4dc",
                "sha256:e0c9c8d4150ae904f308ff27b35446990d2b1dfc944702a21925937e937394c6",
                "sha256:275909137f0c92c61ba6bb1af856a522d5546f1de8ea01e4e726321c697754ac",
                "sha256:a1b442195c2a77d33e4dbee67c9877ccbdd3a1f686f91eb479a9577ed8cc326b",
                "sha256:b066d3dec5d0f5aee6e34e5765095dc3d6d78ef9839640141a2b20816a0642bd",
                "sha256:ab3d769413b322d6092f169f316f7b21cd261a7589f7e31db779d5731b0480d8",
                "sha256:b24e7845ae8de3e388ef4bcfcf7f96b05f52c8e633b33cf8003a6b1d726fc7c2",
                "sha256:589f2ec8a101a0f340453ee6945bdfea8e1cd84c8d88e5be08716c34c0799d95",
                "sha256:51afec6ffa50a9da4cdef188971a802beb1ca8e8edb40fa429e5e529db3475fa"
            ],
            "version": "==3.4.4"
        },
        "aiohttp-jinja2": {
            "hashes": [
                "sha256:ad8ee601759408d049e1a4cb139a2e2d7d4b43e911eb168cdcbf6ce6c0b40ee1",
                "sha256:df1ba60b8779d232a23e5e38589b85f6430e9ace5adce546353155349bdea023"
            ],
            "version": "==1.0.0"
        },
        "aiopg": {
            "hashes": [
                "sha256:509d4a1ad9fa1af5dca6d547b759a8cbcfd70d6cedd0737cb3ff4ccfec812ea2",
                "sha256:2fa57bee0b7b8422408a79de085c3423e0b0633be3a0046b66a53594bf69a837"
            ],
            "version": "==0.15.0"
        },
        "aioredis": {
            "hashes": [
                "sha256:9ffa0f9ea4076e5caedf55f095ea758f5137c7d1cd06cd9916081f4320fdaa4d",
                "sha256:d3adfc3295a91a97cab472751e26ff85949566a131cebb27a778e49aa0638c1a"
            ],
            "version": "==1.1.0"
        },
        "arrow": {
            "hashes": [
                "sha256:a558d3b7b6ce7ffc74206a86c147052de23d3d4ef0e17c210dd478c53575c4cd"
            ],
            "version": "==0.12.1"
        },
        "async-timeout": {
            "hashes": [
                "sha256:474d4bc64cee20603e225eb1ece15e248962958b45a3648a9f5cc29e827a610c",
                "sha256:b3c0ddc416736619bd4a95ca31de8da6920c3b9a140c64dbef2b2fa7bf521287"
            ],
            "version": "==3.0.0"
        },
        "attrs": {
            "hashes": [
                "sha256:ca4be454458f9dec299268d472aaa5a11f67a4ff70093396e1ceae9c76cf4bbb",
                "sha256:10cbf6e27dbce8c30807caf056c8eb50917e0eaafe86347671b57254006c3e69"
            ],
            "version": "==18.2.0"
        },
        "chardet": {
            "hashes": [
                "sha256:fc323ffcaeaed0e0a02bf4d117757b98aed530d9ed4531e3e15460124c106691",
                "sha256:84ab92ed1c4d4f16916e05906b6b75a6c0fb5db821cc65e70cbd64a3e2a5eaae"
            ],
            "version": "==3.0.4"
        },
        "hiredis": {
            "hashes": [
                "sha256:71303245ea72cd85e72705ad237eb9d3847cdeff45f4ec81b0fa08ef4941610f",
                "sha256:587f56d987cfa9397362d2f772b34ea69e61637fc0093807525e94cb919aa027",
                "sha256:0805bd9e98551bc904e487388c871c039878e5bf8fefed26b504dfe505ac91b4",
                "sha256:45887ded08a2e819123124b5cec4ec1c7e272a8c453d35fecb6d36e5b8c54717",
                "sha256:824e223a0e5a3a7b81025aa35075b4be5eec7251cebb3d305b092bc6f0beacaa",
                "sha256:bb2744c6026fa4dc4fb6b58d7b36d62ce3f669bb785956d1e3705b7bdbc23e3c",
                "sha256:7fd22790038ea983a5ecf8e77697906f59e9f781873cc8c9d6618bebeed7fb0c",
                "sha256:c8a2d8d874b1cf6fb104a777846cfa22224f44ce3bef451ec4ae5160082825f7",
                "sha256:013c4e31be95bd5d9e45a0f830743458249012dc1691b45b1710976c280074a0",
                "sha256:3f8b334c59c474e2b92580d7f4fb6503a08c013ae8a877ffc5c252f899d90ac6",
                "sha256:09025bdda2a17294be015bccab7c1039ed41c95cdbef8915f27006c5204e656c",
                "sha256:f69bffe7c1ad38be95bbb2c3e5c3f6f4eecb28b2f431a3c3e1532509eea89c92",
                "sha256:ca958e13128e49674aa4a96f02746f5de5973f39b57297b84d59fd44d314d5b5"
            ],
            "version": "==0.2.0"
        },
        "idna": {
            "hashes": [
                "sha256:156a6814fb5ac1fc6850fb002e0852d56c0c8d2531923a51032d1b70760e186e",
                "sha256:684a38a6f903c1d71d6d5fac066b58d7768af4de2b832e426ec79c30daa94a16"
            ],
            "version": "==2.7"
        },
        "jinja2": {
            "hashes": [
                "sha256:74c935a1b8bb9a3947c50a54766a969d4846290e1e788ea44c1392163723c3bd",
                "sha256:f84be1bb0040caca4cea721fcbbbbd61f9be9464ca236387158b0feea01914a4"
            ],
            "version": "==2.10"
        },
        "jinja2-time": {
            "hashes": [
                "sha256:d3eab6605e3ec8b7a0863df09cc1d23714908fa61aa6986a845c20ba488b4efa",
                "sha256:d14eaa4d315e7688daa4969f616f226614350c48730bfa1692d2caebd8c90d40"
            ],
            "version": "==0.2.0"
        },
        "markupsafe": {
            "hashes": [
                "sha256:a6be69091dac236ea9c6bc7d012beab42010fa914c459791d627dad4910eb665"
            ],
            "version": "==1.0"
        },
        "multidict": {
            "hashes": [
                "sha256:112eeeddd226af681dc82b756ed34aa7b6d98f9c4a15760050298c21d715473d",
                "sha256:475a3ece8bb450e49385414ebfae7f8fdb33f62f1ac0c12935c1cfb1b7c1076a",
                "sha256:ae22195b2a7494619b73c01129ddcddc0dfaa9e42727404b1d9a77253da3f420",
                "sha256:4ea7ed00f4be0f7335c9a2713a65ac3d986be789ce5ebc10821da9664cbe6b85",
                "sha256:e6d27895ef922bc859d969452f247bfbe5345d9aba69b9c8dbe1ea7704f0c5d9",
                "sha256:a5fcad0070685c5b2d04b468bf5f4c735f5c176432f495ad055fcc4bc0a79b23",
                "sha256:847c3b7b9ca3268e883685dc1347a4d09f84de7bd7597310044d847590447492",
                "sha256:467b134bcc227b91b8e2ef8d2931f28b50bf7eb7a04c0403d102ded22e66dbfc",
                "sha256:2061a50b7cae60a1f987503a995b2fc38e47027a937a355a124306ed9c629041",
                "sha256:e3a293553715afecf7e10ea02da40593f9d7f48fe48a74fc5dd3ce08a0c46188",
                "sha256:35b062288a9a478f627c520fd27983160fc97591017d170f966805b428d17e07",
                "sha256:c5022b94fc330e6d177f3eb38097fb52c7df96ca0e04842c068cf0d9fc38b1e6",
                "sha256:1725373fb8f18c2166f8e0e5789851ccf98453c849b403945fa4ef59a16ca44e",
                "sha256:49b885287e227a24545a1126d9ac17ae43138610713dc6219b781cc0ad5c6dfc",
                "sha256:cf2b117f2a8d951638efc7592fb72d3eeb2d38cc2194c26ba7f00e7190451d92",
                "sha256:4c95b2725592adb5c46642be2875c1234c32af841732c5504c17726b92082021",
                "sha256:b96417899344c5e96bef757f4963a72d02e52653a4e0f99bbea3a531cedac59f",
                "sha256:13b64ecb692effcabc5e29569ba9b5eb69c35112f990a16d6833ec3a9d9f8ec0",
                "sha256:a42a36f09f0f907579ff0fde547f2fde8a739a69efe4a2728835979d2bb5e17b",
                "sha256:8fa7679ffe615e0c1c7b80946ab4194669be74848719adf2d7867b5e861eb073",
                "sha256:81459a0ebcca09c1fcb8fe887ed13cf267d9b60fe33718fc5fd1a2a1ab49470a",
                "sha256:b9e921140b797093edfc13ac08dc2a4fd016dd711dc42bb0e1aaf180e48425a7",
                "sha256:e465be3fe7e992e5a6e16731afa6f41cb6ca53afccb4f28ea2fa6457783edf15",
                "sha256:8039c520ef7bb9ec7c3db3df14c570be6362f43c200ae9854d2422d4ffe175a4",
                "sha256:8551d1db45f0ca4e8ec99130767009a29a4e0dc6558a4a6808491bcd3472d325",
                "sha256:d79620b542d9d0e23ae9790ca2fe44f1af40ffad9936efa37bd14954bc3e2818",
                "sha256:b360e82bdbbd862e1ce2a41cc3bbd0ab614350e813ca74801b34aac0f73465aa",
                "sha256:e2860691c11d10dac7c91bddae44f6211b3da4122d9a2ebb509c2247674d6070",
                "sha256:5e2d5e1d999e941b4a626aea46bdc4206877cf727107fdaa9d46a8a773a6e49b"
            ],
            "version": "==4.4.0"
        },
        "psycopg2": {
            "hashes": [
                "sha256:36f8f9c216fcca048006f6dd60e4d3e6f406afde26cfb99e063f137070139eaf",
                "sha256:e9ca911f8e2d3117e5241d5fa9aaa991cb22fb0792627eeada47425d706b5ec8",
                "sha256:3232ec1a3bf4dba97fbf9b03ce12e4b6c1d01ea3c85773903a67ced725728232",
                "sha256:f93d508ca64d924d478fb11e272e09524698f0c581d9032e68958cfbdd41faef",
                "sha256:e168aa795ffbb11379c942cf95bf813c7db9aa55538eb61de8c6815e092416f5",
                "sha256:86b52e146da13c896e50c5a3341a9448151f1092b1a4153e425d1e8b62fec508",
                "sha256:b2abbff9e4141484bb89b96eb8eae186d77bc6d5ffbec6b01783ee5c3c467351",
                "sha256:efa19deae6b9e504a74347fe5e25c2cb9343766c489c2ae921b05f37338b18d1",
                "sha256:b1964ed645ef8317806d615d9ff006c0dadc09dfc54b99ae67f9ba7a1ec9d5d2",
                "sha256:6e737915de826650d1a5f7ff4ac6cf888a26f021a647390ca7bafdba0e85462b",
                "sha256:0f4c784e1b5a320efb434c66a50b8dd7e30a7dc047e8f45c0a8d2694bfe72781",
                "sha256:6bc3e68ee16f571681b8c0b6d5c0a77bef3c589012352b3f0cf5520e674e9d01",
                "sha256:db5e3c52576cc5b93a959a03ccc3b02cb8f0af1fbbdc80645f7a215f0b864f3a",
                "sha256:6dbbd7aabbc861eec6b910522534894d9dbb507d5819bc982032c3ea2e974f51",
                "sha256:985c06c2a0f227131733ae58d6a541a5bc8b665e7305494782bebdb74202b793",
                "sha256:19eaac4eb25ab078bd0f28304a0cb08702d120caadfe76bb1e6846ed1f68635e",
                "sha256:aa3cd07f7f7e3183b63d48300666f920828a9dbd7d7ec53d450df2c4953687a9",
                "sha256:59c1a0e4f9abe970062ed35d0720935197800a7ef7a62b3a9e3a70588d9ca40b",
                "sha256:11fbf688d5c953c0a5ba625cc42dea9aeb2321942c7c5ed9341a68f865dc8cb1",
                "sha256:d7de3bf0986d777807611c36e809b77a13bf1888f5c8db0ebf24b47a52d10726",
                "sha256:0fdbaa32c9eb09ef09d425dc154628fca6fa69d2f7c1a33f889abb7e0efb3909",
                "sha256:6506c5ff88750948c28d41852c09c5d2a49f51f28c6d90cbf1b6808e18c64e88",
                "sha256:711ec617ba453fdfc66616db2520db3a6d9a891e3bf62ef9aba4c95bb4e61230",
                "sha256:6ed9b2cfe85abc720e8943c1808eeffd41daa73e18b7c1e1a228b0b91f768ccc",
                "sha256:844dacdf7530c5c612718cf12bc001f59b2d9329d35b495f1ff25045161aa6af",
                "sha256:cc33c3a90492e21713260095f02b12bee02b8d1f2c03a221d763ce04fa90e2e9",
                "sha256:f4b0460a21f784abe17b496f66e74157a6c36116fa86da8bf6aa028b9e8ad5fe",
                "sha256:0b9e48a1c1505699a64ac58815ca99104aacace8321e455072cee4f7fe7b2698",
                "sha256:a86dfe45f4f9c55b1a2312ff20a59b30da8d39c0e8821d00018372a2a177098f",
                "sha256:eccf962d41ca46e6326b97c8fe0a6687b58dfc1a5f6540ed071ff1474cea749e"
            ],
            "version": "==2.7.5"
        },
        "python-dateutil": {
            "hashes": [
                "sha256:1adb80e7a782c12e52ef9a8182bebeb73f1d7e24e374397af06fb4956c8dc5c0",
                "sha256:e27001de32f627c22380a688bcc43ce83504a7bc5da472209b4c70f02829f0b8"
            ],
            "version": "==2.7.3"
        },
        "six": {
            "hashes": [
                "sha256:832dc0e10feb1aa2c68dcc57dbb658f1c7e65b9b61af69048abc87a2db00a0eb",
                "sha256:70e8a77beed4562e7f14fe23a786b54f6296e34344c23bc42f07b15018ff98e9"
            ],
            "version": "==1.11.0"
        },
        "yarl": {
            "hashes": [
                "sha256:4aec0769f1799a9d4496827292c02a7b1f75c0bab56ab2b60dd94ebb57cbd5ee",
                "sha256:f17495e6fe3d377e3faac68121caef6f974fcb9e046bc075bcff40d8e5cc69a4",
                "sha256:6c098b85442c8fe3303e708bbb775afd0f6b29f77612e8892627bcab4b939357",
                "sha256:f85900b9cca0c67767bb61b2b9bd53208aaa7373dae633dbe25d179b4bf38aa7",
                "sha256:55369d95afaacf2fa6b49c84d18b51f1704a6560c432a0f9a1aeb23f7b971308",
                "sha256:db6f70a4b09cde813a4807843abaaa60f3b15fb4a2a06f9ae9c311472662daa1",
                "sha256:2556b779125621b311844a072e0ed367e8409a18fa12cbd68eb1258d187820f9",
                "sha256:9182cd6f93412d32e009020a44d6d170d2093646464a88aeec2aef50592f8c78",
                "sha256:c8cbc21bbfa1dd7d5386d48cc814fe3d35b80f60299cdde9279046f399c3b0d8"
            ],
            "version": "==1.2.6"
        }
    },
    "develop": {
        "autopep8": {
            "hashes": [
                "sha256:655e3ee8b4545be6cfed18985f581ee9ecc74a232550ee46e9797b6fbf4f336d"
            ],
            "version": "==1.4"
        },
        "mccabe": {
            "hashes": [
                "sha256:ab8a6258860da4b6677da4bd2fe5dc2c659cff31b3ee4f7f5d64e79735b80d42",
                "sha256:dd8d182285a0fe56bace7f45b5e7d1a6ebcbf524e8f3bd87eb0f125271b8831f"
            ],
            "version": "==0.6.1"
        },
        "pycodestyle": {
            "hashes": [
                "sha256:cbc619d09254895b0d12c2c691e237b2e91e9b2ecf5e84c26b35400f93dcfb83",
                "sha256:74abc4e221d393ea5ce1f129ea6903209940c1ecd29e002e8c6933c2b21026e0",
                "sha256:cbfca99bd594a10f674d0cd97a3d802a1fdef635d4361e1a2658de47ed261e3a"
            ],
            "version": "==2.4.0"
        },
        "pydocstyle": {
            "hashes": [
                "sha256:08a870edc94508264ed90510db466c6357c7192e0e866561d740624a8fc7d90c",
                "sha256:af9fcccb303899b83bec82dc9a1d56c60fc369973223a5e80c3dfa9bdf984405",
                "sha256:4d5bcde961107873bae621f3d580c3e35a426d3687ffc6f8fb356f6628da5a97"
            ],
            "version": "==2.1.1"
        },
        "pyflakes": {
            "hashes": [
                "sha256:f661252913bc1dbe7fcfcbf0af0db3f42ab65aabd1a6ca68fe5d466bace94dae",
                "sha256:9a7662ec724d0120012f6e29d6248ae3727d821bba522a0e6b356eff19126a49"
            ],
            "version": "==2.0.0"
        },
        "pylama": {
            "hashes": [
                "sha256:a3670459e7855529e2ccd3959e0bdebd694ac62bcdc7c58a877f3456c0a2058b",
                "sha256:390c1dab1daebdf3d6acc923e551b035c3faa77d8b96b98530c230493f9ec712"
            ],
            "version": "==7.4.3"
        },
        "six": {
            "hashes": [
                "sha256:832dc0e10feb1aa2c68dcc57dbb658f1c7e65b9b61af69048abc87a2db00a0eb",
                "sha256:70e8a77beed4562e7f14fe23a786b54f6296e34344c23bc42f07b15018ff98e9"
            ],
            "version": "==1.11.0"
        },
        "snowballstemmer": {
            "hashes": [
                "sha256:9f3bcd3c401c3e862ec0ebe6d2c069ebc012ce142cce209c098ccb5b09136e89",
                "sha256:919f26a68b2c17a7634da993d91339e288964f93c274f1343e3bbbe2096e1128"
            ],
            "version": "==1.2.1"
        }
    }
}
